
Microsoft Visual Studio Solution File, Format Version 12.00
Project("{FAE04EC0-301F-11D3-BF4B-00C04F79EFBC}") = "UI", "UI\UI.csproj", "{59954A4C-434B-4033-88F1-E7DF1CBEDAC4}"
EndProject
Project("{FAE04EC0-301F-11D3-BF4B-00C04F79EFBC}") = "Domain", "Domain\Domain.csproj", "{CDB04687-CB82-4219-AC7D-4E8FEA5863D7}"
EndProject
Project("{FAE04EC0-301F-11D3-BF4B-00C04F79EFBC}") = "Models", "Models\Models.csproj", "{7E263EBF-3D48-403F-9576-286151DFAEA1}"
EndProject
Project("{FAE04EC0-301F-11D3-BF4B-00C04F79EFBC}") = "Data.InMemory", "Data.InMemory\Data.InMemory.csproj", "{FB071845-E370-4E57-A0EE-31DB4B89BBD1}"
EndProject
Project("{FAE04EC0-301F-11D3-BF4B-00C04F79EFBC}") = "Data.Interfaces", "Data.Interfaces\Data.Interfaces.csproj", "{58570B89-A9E8-4768-BBFC-A59AC99A9900}"
EndProject
Global
	GlobalSection(SolutionConfigurationPlatforms) = preSolution
		Debug|Any CPU = Debug|Any CPU
		Release|Any CPU = Release|Any CPU
	EndGlobalSection
	GlobalSection(ProjectConfigurationPlatforms) = postSolution
		{59954A4C-434B-4033-88F1-E7DF1CBEDAC4}.Debug|Any CPU.ActiveCfg = Debug|Any CPU
		{59954A4C-434B-4033-88F1-E7DF1CBEDAC4}.Debug|Any CPU.Build.0 = Debug|Any CPU
		{59954A4C-434B-4033-88F1-E7DF1CBEDAC4}.Release|Any CPU.ActiveCfg = Release|Any CPU
		{59954A4C-434B-4033-88F1-E7DF1CBEDAC4}.Release|Any CPU.Build.0 = Release|Any CPU
		{CDB04687-CB82-4219-AC7D-4E8FEA5863D7}.Debug|Any CPU.ActiveCfg = Debug|Any CPU
		{CDB04687-CB82-4219-AC7D-4E8FEA5863D7}.Debug|Any CPU.Build.0 = Debug|Any CPU
		{CDB04687-CB82-4219-AC7D-4E8FEA5863D7}.Release|Any CPU.ActiveCfg = Release|Any CPU
		{CDB04687-CB82-4219-AC7D-4E8FEA5863D7}.Release|Any CPU.Build.0 = Release|Any CPU
		{7E263EBF-3D48-403F-9576-286151DFAEA1}.Debug|Any CPU.ActiveCfg = Debug|Any CPU
		{7E263EBF-3D48-403F-9576-286151DFAEA1}.Debug|Any CPU.Build.0 = Debug|Any CPU
		{7E263EBF-3D48-403F-9576-286151DFAEA1}.Release|Any CPU.ActiveCfg = Release|Any CPU
		{7E263EBF-3D48-403F-9576-286151DFAEA1}.Release|Any CPU.Build.0 = Release|Any CPU
		{FB071845-E370-4E57-A0EE-31DB4B89BBD1}.Debug|Any CPU.ActiveCfg = Debug|Any CPU
		{FB071845-E370-4E57-A0EE-31DB4B89BBD1}.Debug|Any CPU.Build.0 = Debug|Any CPU
		{FB071845-E370-4E57-A0EE-31DB4B89BBD1}.Release|Any CPU.ActiveCfg = Release|Any CPU
		{FB071845-E370-4E57-A0EE-31DB4B89BBD1}.Release|Any CPU.Build.0 = Release|Any CPU
		{58570B89-A9E8-4768-BBFC-A59AC99A9900}.Debug|Any CPU.ActiveCfg = Debug|Any CPU
		{58570B89-A9E8-4768-BBFC-A59AC99A9900}.Debug|Any CPU.Build.0 = Debug|Any CPU
		{58570B89-A9E8-4768-BBFC-A59AC99A9900}.Release|Any CPU.ActiveCfg = Release|Any CPU
		{58570B89-A9E8-4768-BBFC-A59AC99A9900}.Release|Any CPU.Build.0 = Release|Any CPU
	EndGlobalSection
EndGlobal
